// !$*UTF8*$!
{
	archiveVersion = 1;
	classes = {
	};
	objectVersion = 56;
	objects = {

/* Begin PBXBuildFile section */
		3034A8602CAFF3CC00337BCA /* OverviewCell.swift in Sources */ = {isa = PBXBuildFile; fileRef = 3034A85F2CAFF3CC00337BCA /* OverviewCell.swift */; };
		3034A8622CAFF3E300337BCA /* DayCell.swift in Sources */ = {isa = PBXBuildFile; fileRef = 3034A8612CAFF3E300337BCA /* DayCell.swift */; };
		30875A8F2C6397F20024A03B /* AppDelegate.swift in Sources */ = {isa = PBXBuildFile; fileRef = 30875A8E2C6397F20024A03B /* AppDelegate.swift */; };
		30875A912C6397F20024A03B /* SceneDelegate.swift in Sources */ = {isa = PBXBuildFile; fileRef = 30875A902C6397F20024A03B /* SceneDelegate.swift */; };
		30875A932C6397F20024A03B /* ViewController.swift in Sources */ = {isa = PBXBuildFile; fileRef = 30875A922C6397F20024A03B /* ViewController.swift */; };
		30875A962C6397F30024A03B /* Main.storyboard in Resources */ = {isa = PBXBuildFile; fileRef = 30875A942C6397F30024A03B /* Main.storyboard */; };
		30875A982C6397F80024A03B /* Assets.xcassets in Resources */ = {isa = PBXBuildFile; fileRef = 30875A972C6397F80024A03B /* Assets.xcassets */; };
		30875A9B2C6397F80024A03B /* LaunchScreen.storyboard in Resources */ = {isa = PBXBuildFile; fileRef = 30875A992C6397F80024A03B /* LaunchScreen.storyboard */; };
		30875AA62C6397F80024A03B /* WhereToGoTodayTests.swift in Sources */ = {isa = PBXBuildFile; fileRef = 30875AA52C6397F80024A03B /* WhereToGoTodayTests.swift */; };
		30875AB02C6397F80024A03B /* WhereToGoTodayUITests.swift in Sources */ = {isa = PBXBuildFile; fileRef = 30875AAF2C6397F80024A03B /* WhereToGoTodayUITests.swift */; };
		30875AB22C6397F80024A03B /* WhereToGoTodayUITestsLaunchTests.swift in Sources */ = {isa = PBXBuildFile; fileRef = 30875AB12C6397F80024A03B /* WhereToGoTodayUITestsLaunchTests.swift */; };
		308B5F1D2C983BC00012214E /* IndexViewController.swift in Sources */ = {isa = PBXBuildFile; fileRef = 308B5F1C2C983BC00012214E /* IndexViewController.swift */; };
		308B5F202C9AC57B0012214E /* IQKeyboardManagerSwift in Frameworks */ = {isa = PBXBuildFile; productRef = 308B5F1F2C9AC57B0012214E /* IQKeyboardManagerSwift */; };
		3091FCDD2CC8F41B00446748 /* TripAPIManager.swift in Sources */ = {isa = PBXBuildFile; fileRef = 3091FCDC2CC8F41B00446748 /* TripAPIManager.swift */; };
		3091FCE02CC8FB8700446748 /* MyTripManager.swift in Sources */ = {isa = PBXBuildFile; fileRef = 3091FCDF2CC8FB8700446748 /* MyTripManager.swift */; };
		3091FCE22CC9308A00446748 /* MyTripExploreDetailController.swift in Sources */ = {isa = PBXBuildFile; fileRef = 3091FCE12CC9308900446748 /* MyTripExploreDetailController.swift */; };
		30BB7A1A2CA41DE9004A0239 /* ExploreDetailController.swift in Sources */ = {isa = PBXBuildFile; fileRef = 30BB7A192CA41DE9004A0239 /* ExploreDetailController.swift */; };
		30C5F28A2C87FC4D00E678F2 /* MyTripsViewController.swift in Sources */ = {isa = PBXBuildFile; fileRef = 30C5F2892C87FC4D00E678F2 /* MyTripsViewController.swift */; };
		30C5F28C2C88407900E678F2 /* MyTripCell.swift in Sources */ = {isa = PBXBuildFile; fileRef = 30C5F28B2C88407900E678F2 /* MyTripCell.swift */; };
		30C5F2932C88583500E678F2 /* AccountViewController.swift in Sources */ = {isa = PBXBuildFile; fileRef = 30C5F2922C88583500E678F2 /* AccountViewController.swift */; };
		30CEDD602CBF985300EFEA92 /* UserNameController.swift in Sources */ = {isa = PBXBuildFile; fileRef = 30CEDD5F2CBF985300EFEA92 /* UserNameController.swift */; };
		30CEDDA02CC5553600EFEA92 /* DataModel.xcdatamodeld in Sources */ = {isa = PBXBuildFile; fileRef = 30CEDD9E2CC5553600EFEA92 /* DataModel.xcdatamodeld */; };
		30CEDDA22CC55BC400EFEA92 /* CoreDataManager.swift in Sources */ = {isa = PBXBuildFile; fileRef = 30CEDDA12CC55BC400EFEA92 /* CoreDataManager.swift */; };
		30D8F2792CCCD4F000CFF917 /* FeedbackViewController.swift in Sources */ = {isa = PBXBuildFile; fileRef = 30D8F2782CCCD4F000CFF917 /* FeedbackViewController.swift */; };
		30F940AC2CAD10350000DACD /* TripModels.swift in Sources */ = {isa = PBXBuildFile; fileRef = 30F940AB2CAD10350000DACD /* TripModels.swift */; };
/* End PBXBuildFile section */

/* Begin PBXContainerItemProxy section */
		30875AA22C6397F80024A03B /* PBXContainerItemProxy */ = {
			isa = PBXContainerItemProxy;
			containerPortal = 30875A832C6397F20024A03B /* Project object */;
			proxyType = 1;
			remoteGlobalIDString = 30875A8A2C6397F20024A03B;
			remoteInfo = WhereToGoToday;
		};
		30875AAC2C6397F80024A03B /* PBXContainerItemProxy */ = {
			isa = PBXContainerItemProxy;
			containerPortal = 30875A832C6397F20024A03B /* Project object */;
			proxyType = 1;
			remoteGlobalIDString = 30875A8A2C6397F20024A03B;
			remoteInfo = WhereToGoToday;
		};
/* End PBXContainerItemProxy section */

/* Begin PBXFileReference section */
		3034A85F2CAFF3CC00337BCA /* OverviewCell.swift */ = {isa = PBXFileReference; lastKnownFileType = sourcecode.swift; path = OverviewCell.swift; sourceTree = "<group>"; };
		3034A8612CAFF3E300337BCA /* DayCell.swift */ = {isa = PBXFileReference; lastKnownFileType = sourcecode.swift; path = DayCell.swift; sourceTree = "<group>"; };
		30875A8B2C6397F20024A03B /* WhereToGoToday.app */ = {isa = PBXFileReference; explicitFileType = wrapper.application; includeInIndex = 0; path = WhereToGoToday.app; sourceTree = BUILT_PRODUCTS_DIR; };
		30875A8E2C6397F20024A03B /* AppDelegate.swift */ = {isa = PBXFileReference; lastKnownFileType = sourcecode.swift; path = AppDelegate.swift; sourceTree = "<group>"; };
		30875A902C6397F20024A03B /* SceneDelegate.swift */ = {isa = PBXFileReference; lastKnownFileType = sourcecode.swift; path = SceneDelegate.swift; sourceTree = "<group>"; };
		30875A922C6397F20024A03B /* ViewController.swift */ = {isa = PBXFileReference; lastKnownFileType = sourcecode.swift; path = ViewController.swift; sourceTree = "<group>"; };
		30875A952C6397F30024A03B /* Base */ = {isa = PBXFileReference; lastKnownFileType = file.storyboard; name = Base; path = Base.lproj/Main.storyboard; sourceTree = "<group>"; };
		30875A972C6397F80024A03B /* Assets.xcassets */ = {isa = PBXFileReference; lastKnownFileType = folder.assetcatalog; path = Assets.xcassets; sourceTree = "<group>"; };
		30875A9A2C6397F80024A03B /* Base */ = {isa = PBXFileReference; lastKnownFileType = file.storyboard; name = Base; path = Base.lproj/LaunchScreen.storyboard; sourceTree = "<group>"; };
		30875A9C2C6397F80024A03B /* Info.plist */ = {isa = PBXFileReference; lastKnownFileType = text.plist.xml; path = Info.plist; sourceTree = "<group>"; };
		30875AA12C6397F80024A03B /* WhereToGoTodayTests.xctest */ = {isa = PBXFileReference; explicitFileType = wrapper.cfbundle; includeInIndex = 0; path = WhereToGoTodayTests.xctest; sourceTree = BUILT_PRODUCTS_DIR; };
		30875AA52C6397F80024A03B /* WhereToGoTodayTests.swift */ = {isa = PBXFileReference; lastKnownFileType = sourcecode.swift; path = WhereToGoTodayTests.swift; sourceTree = "<group>"; };
		30875AAB2C6397F80024A03B /* WhereToGoTodayUITests.xctest */ = {isa = PBXFileReference; explicitFileType = wrapper.cfbundle; includeInIndex = 0; path = WhereToGoTodayUITests.xctest; sourceTree = BUILT_PRODUCTS_DIR; };
		30875AAF2C6397F80024A03B /* WhereToGoTodayUITests.swift */ = {isa = PBXFileReference; lastKnownFileType = sourcecode.swift; path = WhereToGoTodayUITests.swift; sourceTree = "<group>"; };
		30875AB12C6397F80024A03B /* WhereToGoTodayUITestsLaunchTests.swift */ = {isa = PBXFileReference; lastKnownFileType = sourcecode.swift; path = WhereToGoTodayUITestsLaunchTests.swift; sourceTree = "<group>"; };
		308B5F1C2C983BC00012214E /* IndexViewController.swift */ = {isa = PBXFileReference; lastKnownFileType = sourcecode.swift; path = IndexViewController.swift; sourceTree = "<group>"; };
		3091FCDC2CC8F41B00446748 /* TripAPIManager.swift */ = {isa = PBXFileReference; lastKnownFileType = sourcecode.swift; path = TripAPIManager.swift; sourceTree = "<group>"; };
		3091FCDF2CC8FB8700446748 /* MyTripManager.swift */ = {isa = PBXFileReference; lastKnownFileType = sourcecode.swift; path = MyTripManager.swift; sourceTree = "<group>"; };
		3091FCE12CC9308900446748 /* MyTripExploreDetailController.swift */ = {isa = PBXFileReference; lastKnownFileType = sourcecode.swift; path = MyTripExploreDetailController.swift; sourceTree = "<group>"; };
		30BB7A192CA41DE9004A0239 /* ExploreDetailController.swift */ = {isa = PBXFileReference; lastKnownFileType = sourcecode.swift; path = ExploreDetailController.swift; sourceTree = "<group>"; };
		30C5F2892C87FC4D00E678F2 /* MyTripsViewController.swift */ = {isa = PBXFileReference; lastKnownFileType = sourcecode.swift; path = MyTripsViewController.swift; sourceTree = "<group>"; };
		30C5F28B2C88407900E678F2 /* MyTripCell.swift */ = {isa = PBXFileReference; lastKnownFileType = sourcecode.swift; path = MyTripCell.swift; sourceTree = "<group>"; };
		30C5F2922C88583500E678F2 /* AccountViewController.swift */ = {isa = PBXFileReference; lastKnownFileType = sourcecode.swift; path = AccountViewController.swift; sourceTree = "<group>"; };
		30CEDD5F2CBF985300EFEA92 /* UserNameController.swift */ = {isa = PBXFileReference; lastKnownFileType = sourcecode.swift; path = UserNameController.swift; sourceTree = "<group>"; };
		30CEDD9F2CC5553600EFEA92 /* DataModel.xcdatamodel */ = {isa = PBXFileReference; lastKnownFileType = wrapper.xcdatamodel; path = DataModel.xcdatamodel; sourceTree = "<group>"; };
		30CEDDA12CC55BC400EFEA92 /* CoreDataManager.swift */ = {isa = PBXFileReference; lastKnownFileType = sourcecode.swift; path = CoreDataManager.swift; sourceTree = "<group>"; };
		30D8F2782CCCD4F000CFF917 /* FeedbackViewController.swift */ = {isa = PBXFileReference; lastKnownFileType = sourcecode.swift; path = FeedbackViewController.swift; sourceTree = "<group>"; };
		30F940AB2CAD10350000DACD /* TripModels.swift */ = {isa = PBXFileReference; lastKnownFileType = sourcecode.swift; path = TripModels.swift; sourceTree = "<group>"; };
/* End PBXFileReference section */

/* Begin PBXFrameworksBuildPhase section */
		30875A882C6397F20024A03B /* Frameworks */ = {
			isa = PBXFrameworksBuildPhase;
			buildActionMask = 2147483647;
			files = (
				308B5F202C9AC57B0012214E /* IQKeyboardManagerSwift in Frameworks */,
			);
			runOnlyForDeploymentPostprocessing = 0;
		};
		30875A9E2C6397F80024A03B /* Frameworks */ = {
			isa = PBXFrameworksBuildPhase;
			buildActionMask = 2147483647;
			files = (
			);
			runOnlyForDeploymentPostprocessing = 0;
		};
		30875AA82C6397F80024A03B /* Frameworks */ = {
			isa = PBXFrameworksBuildPhase;
			buildActionMask = 2147483647;
			files = (
			);
			runOnlyForDeploymentPostprocessing = 0;
		};
/* End PBXFrameworksBuildPhase section */

/* Begin PBXGroup section */
		3034A8632CAFF3F200337BCA /* Cell */ = {
			isa = PBXGroup;
			children = (
				30C5F28B2C88407900E678F2 /* MyTripCell.swift */,
				3034A85F2CAFF3CC00337BCA /* OverviewCell.swift */,
				3034A8612CAFF3E300337BCA /* DayCell.swift */,
			);
			path = Cell;
			sourceTree = "<group>";
		};
		30875A822C6397F20024A03B = {
			isa = PBXGroup;
			children = (
				30CEDD9E2CC5553600EFEA92 /* DataModel.xcdatamodeld */,
				30875A8D2C6397F20024A03B /* WhereToGoToday */,
				30875AA42C6397F80024A03B /* WhereToGoTodayTests */,
				30875AAE2C6397F80024A03B /* WhereToGoTodayUITests */,
				30875A8C2C6397F20024A03B /* Products */,
			);
			sourceTree = "<group>";
		};
		30875A8C2C6397F20024A03B /* Products */ = {
			isa = PBXGroup;
			children = (
				30875A8B2C6397F20024A03B /* WhereToGoToday.app */,
				30875AA12C6397F80024A03B /* WhereToGoTodayTests.xctest */,
				30875AAB2C6397F80024A03B /* WhereToGoTodayUITests.xctest */,
			);
			name = Products;
			sourceTree = "<group>";
		};
		30875A8D2C6397F20024A03B /* WhereToGoToday */ = {
			isa = PBXGroup;
			children = (
				3091FCDE2CC8FAC800446748 /* Model */,
				3034A8632CAFF3F200337BCA /* Cell */,
				30C5F2912C8857E000E678F2 /* Controller */,
				30875A8E2C6397F20024A03B /* AppDelegate.swift */,
				30875A902C6397F20024A03B /* SceneDelegate.swift */,
				30875A922C6397F20024A03B /* ViewController.swift */,
				30875A942C6397F30024A03B /* Main.storyboard */,
				30875A972C6397F80024A03B /* Assets.xcassets */,
				30875A992C6397F80024A03B /* LaunchScreen.storyboard */,
				30875A9C2C6397F80024A03B /* Info.plist */,
			);
			path = WhereToGoToday;
			sourceTree = "<group>";
		};
		30875AA42C6397F80024A03B /* WhereToGoTodayTests */ = {
			isa = PBXGroup;
			children = (
				30875AA52C6397F80024A03B /* WhereToGoTodayTests.swift */,
			);
			path = WhereToGoTodayTests;
			sourceTree = "<group>";
		};
		30875AAE2C6397F80024A03B /* WhereToGoTodayUITests */ = {
			isa = PBXGroup;
			children = (
				30875AAF2C6397F80024A03B /* WhereToGoTodayUITests.swift */,
				30875AB12C6397F80024A03B /* WhereToGoTodayUITestsLaunchTests.swift */,
			);
			path = WhereToGoTodayUITests;
			sourceTree = "<group>";
		};
		3091FCDE2CC8FAC800446748 /* Model */ = {
			isa = PBXGroup;
			children = (
				30F940AB2CAD10350000DACD /* TripModels.swift */,
				30CEDDA12CC55BC400EFEA92 /* CoreDataManager.swift */,
				3091FCDC2CC8F41B00446748 /* TripAPIManager.swift */,
				3091FCDF2CC8FB8700446748 /* MyTripManager.swift */,
			);
			path = Model;
			sourceTree = "<group>";
		};
		30C5F2912C8857E000E678F2 /* Controller */ = {
			isa = PBXGroup;
			children = (
				30C5F2892C87FC4D00E678F2 /* MyTripsViewController.swift */,
				30C5F2922C88583500E678F2 /* AccountViewController.swift */,
				308B5F1C2C983BC00012214E /* IndexViewController.swift */,
				30BB7A192CA41DE9004A0239 /* ExploreDetailController.swift */,
				30CEDD5F2CBF985300EFEA92 /* UserNameController.swift */,
				3091FCE12CC9308900446748 /* MyTripExploreDetailController.swift */,
				30D8F2782CCCD4F000CFF917 /* FeedbackViewController.swift */,
			);
			path = Controller;
			sourceTree = "<group>";
		};
/* End PBXGroup section */

/* Begin PBXNativeTarget section */
		30875A8A2C6397F20024A03B /* WhereToGoToday */ = {
			isa = PBXNativeTarget;
			buildConfigurationList = 30875AB52C6397F80024A03B /* Build configuration list for PBXNativeTarget "WhereToGoToday" */;
			buildPhases = (
				30875A872C6397F20024A03B /* Sources */,
				30875A882C6397F20024A03B /* Frameworks */,
				30875A892C6397F20024A03B /* Resources */,
			);
			buildRules = (
			);
			dependencies = (
			);
			name = WhereToGoToday;
			packageProductDependencies = (
				308B5F1F2C9AC57B0012214E /* IQKeyboardManagerSwift */,
			);
			productName = WhereToGoToday;
			productReference = 30875A8B2C6397F20024A03B /* WhereToGoToday.app */;
			productType = "com.apple.product-type.application";
		};
		30875AA02C6397F80024A03B /* WhereToGoTodayTests */ = {
			isa = PBXNativeTarget;
			buildConfigurationList = 30875AB82C6397F80024A03B /* Build configuration list for PBXNativeTarget "WhereToGoTodayTests" */;
			buildPhases = (
				30875A9D2C6397F80024A03B /* Sources */,
				30875A9E2C6397F80024A03B /* Frameworks */,
				30875A9F2C6397F80024A03B /* Resources */,
			);
			buildRules = (
			);
			dependencies = (
				30875AA32C6397F80024A03B /* PBXTargetDependency */,
			);
			name = WhereToGoTodayTests;
			productName = WhereToGoTodayTests;
			productReference = 30875AA12C6397F80024A03B /* WhereToGoTodayTests.xctest */;
			productType = "com.apple.product-type.bundle.unit-test";
		};
		30875AAA2C6397F80024A03B /* WhereToGoTodayUITests */ = {
			isa = PBXNativeTarget;
			buildConfigurationList = 30875ABB2C6397F80024A03B /* Build configuration list for PBXNativeTarget "WhereToGoTodayUITests" */;
			buildPhases = (
				30875AA72C6397F80024A03B /* Sources */,
				30875AA82C6397F80024A03B /* Frameworks */,
				30875AA92C6397F80024A03B /* Resources */,
			);
			buildRules = (
			);
			dependencies = (
				30875AAD2C6397F80024A03B /* PBXTargetDependency */,
			);
			name = WhereToGoTodayUITests;
			productName = WhereToGoTodayUITests;
			productReference = 30875AAB2C6397F80024A03B /* WhereToGoTodayUITests.xctest */;
			productType = "com.apple.product-type.bundle.ui-testing";
		};
/* End PBXNativeTarget section */

/* Begin PBXProject section */
		30875A832C6397F20024A03B /* Project object */ = {
			isa = PBXProject;
			attributes = {
				BuildIndependentTargetsInParallel = 1;
				LastSwiftUpdateCheck = 1510;
				LastUpgradeCheck = 1510;
				TargetAttributes = {
					30875A8A2C6397F20024A03B = {
						CreatedOnToolsVersion = 15.1;
					};
					30875AA02C6397F80024A03B = {
						CreatedOnToolsVersion = 15.1;
						TestTargetID = 30875A8A2C6397F20024A03B;
					};
					30875AAA2C6397F80024A03B = {
						CreatedOnToolsVersion = 15.1;
						TestTargetID = 30875A8A2C6397F20024A03B;
					};
				};
			};
			buildConfigurationList = 30875A862C6397F20024A03B /* Build configuration list for PBXProject "WhereToGoToday" */;
			compatibilityVersion = "Xcode 14.0";
			developmentRegion = en;
			hasScannedForEncodings = 0;
			knownRegions = (
				en,
				Base,
			);
			mainGroup = 30875A822C6397F20024A03B;
			packageReferences = (
				308B5F1E2C9AC57B0012214E /* XCRemoteSwiftPackageReference "IQKeyboardManager" */,
			);
			productRefGroup = 30875A8C2C6397F20024A03B /* Products */;
			projectDirPath = "";
			projectRoot = "";
			targets = (
				30875A8A2C6397F20024A03B /* WhereToGoToday */,
				30875AA02C6397F80024A03B /* WhereToGoTodayTests */,
				30875AAA2C6397F80024A03B /* WhereToGoTodayUITests */,
			);
		};
/* End PBXProject section */

/* Begin PBXResourcesBuildPhase section */
		30875A892C6397F20024A03B /* Resources */ = {
			isa = PBXResourcesBuildPhase;
			buildActionMask = 2147483647;
			files = (
				30875A9B2C6397F80024A03B /* LaunchScreen.storyboard in Resources */,
				30875A982C6397F80024A03B /* Assets.xcassets in Resources */,
				30875A962C6397F30024A03B /* Main.storyboard in Resources */,
			);
			runOnlyForDeploymentPostprocessing = 0;
		};
		30875A9F2C6397F80024A03B /* Resources */ = {
			isa = PBXResourcesBuildPhase;
			buildActionMask = 2147483647;
			files = (
			);
			runOnlyForDeploymentPostprocessing = 0;
		};
		30875AA92C6397F80024A03B /* Resources */ = {
			isa = PBXResourcesBuildPhase;
			buildActionMask = 2147483647;
			files = (
			);
			runOnlyForDeploymentPostprocessing = 0;
		};
/* End PBXResourcesBuildPhase section */

/* Begin PBXSourcesBuildPhase section */
		30875A872C6397F20024A03B /* Sources */ = {
			isa = PBXSourcesBuildPhase;
			buildActionMask = 2147483647;
			files = (
				30BB7A1A2CA41DE9004A0239 /* ExploreDetailController.swift in Sources */,
				30C5F2932C88583500E678F2 /* AccountViewController.swift in Sources */,
				3034A8602CAFF3CC00337BCA /* OverviewCell.swift in Sources */,
				30CEDD602CBF985300EFEA92 /* UserNameController.swift in Sources */,
				3091FCE22CC9308A00446748 /* MyTripExploreDetailController.swift in Sources */,
				30875A932C6397F20024A03B /* ViewController.swift in Sources */,
				30F940AC2CAD10350000DACD /* TripModels.swift in Sources */,
				30D8F2792CCCD4F000CFF917 /* FeedbackViewController.swift in Sources */,
				308B5F1D2C983BC00012214E /* IndexViewController.swift in Sources */,
				30C5F28A2C87FC4D00E678F2 /* MyTripsViewController.swift in Sources */,
				30875A8F2C6397F20024A03B /* AppDelegate.swift in Sources */,
				30875A912C6397F20024A03B /* SceneDelegate.swift in Sources */,
				30CEDDA02CC5553600EFEA92 /* DataModel.xcdatamodeld in Sources */,
				3091FCDD2CC8F41B00446748 /* TripAPIManager.swift in Sources */,
				30C5F28C2C88407900E678F2 /* MyTripCell.swift in Sources */,
				30CEDDA22CC55BC400EFEA92 /* CoreDataManager.swift in Sources */,
				3091FCE02CC8FB8700446748 /* MyTripManager.swift in Sources */,
				3034A8622CAFF3E300337BCA /* DayCell.swift in Sources */,
			);
			runOnlyForDeploymentPostprocessing = 0;
		};
		30875A9D2C6397F80024A03B /* Sources */ = {
			isa = PBXSourcesBuildPhase;
			buildActionMask = 2147483647;
			files = (
				30875AA62C6397F80024A03B /* WhereToGoTodayTests.swift in Sources */,
			);
			runOnlyForDeploymentPostprocessing = 0;
		};
		30875AA72C6397F80024A03B /* Sources */ = {
			isa = PBXSourcesBuildPhase;
			buildActionMask = 2147483647;
			files = (
				30875AB02C6397F80024A03B /* WhereToGoTodayUITests.swift in Sources */,
				30875AB22C6397F80024A03B /* WhereToGoTodayUITestsLaunchTests.swift in Sources */,
			);
			runOnlyForDeploymentPostprocessing = 0;
		};
/* End PBXSourcesBuildPhase section */

/* Begin PBXTargetDependency section */
		30875AA32C6397F80024A03B /* PBXTargetDependency */ = {
			isa = PBXTargetDependency;
			target = 30875A8A2C6397F20024A03B /* WhereToGoToday */;
			targetProxy = 30875AA22C6397F80024A03B /* PBXContainerItemProxy */;
		};
		30875AAD2C6397F80024A03B /* PBXTargetDependency */ = {
			isa = PBXTargetDependency;
			target = 30875A8A2C6397F20024A03B /* WhereToGoToday */;
			targetProxy = 30875AAC2C6397F80024A03B /* PBXContainerItemProxy */;
		};
/* End PBXTargetDependency section */

/* Begin PBXVariantGroup section */
		30875A942C6397F30024A03B /* Main.storyboard */ = {
			isa = PBXVariantGroup;
			children = (
				30875A952C6397F30024A03B /* Base */,
			);
			name = Main.storyboard;
			sourceTree = "<group>";
		};
		30875A992C6397F80024A03B /* LaunchScreen.storyboard */ = {
			isa = PBXVariantGroup;
			children = (
				30875A9A2C6397F80024A03B /* Base */,
			);
			name = LaunchScreen.storyboard;
			sourceTree = "<group>";
		};
/* End PBXVariantGroup section */

/* Begin XCBuildConfiguration section */
		30875AB32C6397F80024A03B /* Debug */ = {
			isa = XCBuildConfiguration;
			buildSettings = {
				ALWAYS_SEARCH_USER_PATHS = NO;
				ASSETCATALOG_COMPILER_GENERATE_SWIFT_ASSET_SYMBOL_EXTENSIONS = YES;
				CLANG_ANALYZER_NONNULL = YES;
				CLANG_ANALYZER_NUMBER_OBJECT_CONVERSION = YES_AGGRESSIVE;
				CLANG_CXX_LANGUAGE_STANDARD = "gnu++20";
				CLANG_ENABLE_MODULES = YES;
				CLANG_ENABLE_OBJC_ARC = YES;
				CLANG_ENABLE_OBJC_WEAK = YES;
				CLANG_WARN_BLOCK_CAPTURE_AUTORELEASING = YES;
				CLANG_WARN_BOOL_CONVERSION = YES;
				CLANG_WARN_COMMA = YES;
				CLANG_WARN_CONSTANT_CONVERSION = YES;
				CLANG_WARN_DEPRECATED_OBJC_IMPLEMENTATIONS = YES;
				CLANG_WARN_DIRECT_OBJC_ISA_USAGE = YES_ERROR;
				CLANG_WARN_DOCUMENTATION_COMMENTS = YES;
				CLANG_WARN_EMPTY_BODY = YES;
				CLANG_WARN_ENUM_CONVERSION = YES;
				CLANG_WARN_INFINITE_RECURSION = YES;
				CLANG_WARN_INT_CONVERSION = YES;
				CLANG_WARN_NON_LITERAL_NULL_CONVERSION = YES;
				CLANG_WARN_OBJC_IMPLICIT_RETAIN_SELF = YES;
				CLANG_WARN_OBJC_LITERAL_CONVERSION = YES;
				CLANG_WARN_OBJC_ROOT_CLASS = YES_ERROR;
				CLANG_WARN_QUOTED_INCLUDE_IN_FRAMEWORK_HEADER = YES;
				CLANG_WARN_RANGE_LOOP_ANALYSIS = YES;
				CLANG_WARN_STRICT_PROTOTYPES = YES;
				CLANG_WARN_SUSPICIOUS_MOVE = YES;
				CLANG_WARN_UNGUARDED_AVAILABILITY = YES_AGGRESSIVE;
				CLANG_WARN_UNREACHABLE_CODE = YES;
				CLANG_WARN__DUPLICATE_METHOD_MATCH = YES;
				COPY_PHASE_STRIP = NO;
				DEBUG_INFORMATION_FORMAT = dwarf;
				ENABLE_STRICT_OBJC_MSGSEND = YES;
				ENABLE_TESTABILITY = YES;
				ENABLE_USER_SCRIPT_SANDBOXING = YES;
				GCC_C_LANGUAGE_STANDARD = gnu17;
				GCC_DYNAMIC_NO_PIC = NO;
				GCC_NO_COMMON_BLOCKS = YES;
				GCC_OPTIMIZATION_LEVEL = 0;
				GCC_PREPROCESSOR_DEFINITIONS = (
					"DEBUG=1",
					"$(inherited)",
				);
				GCC_WARN_64_TO_32_BIT_CONVERSION = YES;
				GCC_WARN_ABOUT_RETURN_TYPE = YES_ERROR;
				GCC_WARN_UNDECLARED_SELECTOR = YES;
				GCC_WARN_UNINITIALIZED_AUTOS = YES_AGGRESSIVE;
				GCC_WARN_UNUSED_FUNCTION = YES;
				GCC_WARN_UNUSED_VARIABLE = YES;
				IPHONEOS_DEPLOYMENT_TARGET = 17.2;
				LOCALIZATION_PREFERS_STRING_CATALOGS = YES;
				MTL_ENABLE_DEBUG_INFO = INCLUDE_SOURCE;
				MTL_FAST_MATH = YES;
				ONLY_ACTIVE_ARCH = YES;
				SDKROOT = iphoneos;
				SWIFT_ACTIVE_COMPILATION_CONDITIONS = "DEBUG $(inherited)";
				SWIFT_OPTIMIZATION_LEVEL = "-Onone";
			};
			name = Debug;
		};
		30875AB42C6397F80024A03B /* Release */ = {
			isa = XCBuildConfiguration;
			buildSettings = {
				ALWAYS_SEARCH_USER_PATHS = NO;
				ASSETCATALOG_COMPILER_GENERATE_SWIFT_ASSET_SYMBOL_EXTENSIONS = YES;
				CLANG_ANALYZER_NONNULL = YES;
				CLANG_ANALYZER_NUMBER_OBJECT_CONVERSION = YES_AGGRESSIVE;
				CLANG_CXX_LANGUAGE_STANDARD = "gnu++20";
				CLANG_ENABLE_MODULES = YES;
				CLANG_ENABLE_OBJC_ARC = YES;
				CLANG_ENABLE_OBJC_WEAK = YES;
				CLANG_WARN_BLOCK_CAPTURE_AUTORELEASING = YES;
				CLANG_WARN_BOOL_CONVERSION = YES;
				CLANG_WARN_COMMA = YES;
				CLANG_WARN_CONSTANT_CONVERSION = YES;
				CLANG_WARN_DEPRECATED_OBJC_IMPLEMENTATIONS = YES;
				CLANG_WARN_DIRECT_OBJC_ISA_USAGE = YES_ERROR;
				CLANG_WARN_DOCUMENTATION_COMMENTS = YES;
				CLANG_WARN_EMPTY_BODY = YES;
				CLANG_WARN_ENUM_CONVERSION = YES;
				CLANG_WARN_INFINITE_RECURSION = YES;
				CLANG_WARN_INT_CONVERSION = YES;
				CLANG_WARN_NON_LITERAL_NULL_CONVERSION = YES;
				CLANG_WARN_OBJC_IMPLICIT_RETAIN_SELF = YES;
				CLANG_WARN_OBJC_LITERAL_CONVERSION = YES;
				CLANG_WARN_OBJC_ROOT_CLASS = YES_ERROR;
				CLANG_WARN_QUOTED_INCLUDE_IN_FRAMEWORK_HEADER = YES;
				CLANG_WARN_RANGE_LOOP_ANALYSIS = YES;
				CLANG_WARN_STRICT_PROTOTYPES = YES;
				CLANG_WARN_SUSPICIOUS_MOVE = YES;
				CLANG_WARN_UNGUARDED_AVAILABILITY = YES_AGGRESSIVE;
				CLANG_WARN_UNREACHABLE_CODE = YES;
				CLANG_WARN__DUPLICATE_METHOD_MATCH = YES;
				COPY_PHASE_STRIP = NO;
				DEBUG_INFORMATION_FORMAT = "dwarf-with-dsym";
				ENABLE_NS_ASSERTIONS = NO;
				ENABLE_STRICT_OBJC_MSGSEND = YES;
				ENABLE_USER_SCRIPT_SANDBOXING = YES;
				GCC_C_LANGUAGE_STANDARD = gnu17;
				GCC_NO_COMMON_BLOCKS = YES;
				GCC_WARN_64_TO_32_BIT_CONVERSION = YES;
				GCC_WARN_ABOUT_RETURN_TYPE = YES_ERROR;
				GCC_WARN_UNDECLARED_SELECTOR = YES;
				GCC_WARN_UNINITIALIZED_AUTOS = YES_AGGRESSIVE;
				GCC_WARN_UNUSED_FUNCTION = YES;
				GCC_WARN_UNUSED_VARIABLE = YES;
				IPHONEOS_DEPLOYMENT_TARGET = 17.2;
				LOCALIZATION_PREFERS_STRING_CATALOGS = YES;
				MTL_ENABLE_DEBUG_INFO = NO;
				MTL_FAST_MATH = YES;
				SDKROOT = iphoneos;
				SWIFT_COMPILATION_MODE = wholemodule;
				VALIDATE_PRODUCT = YES;
			};
			name = Release;
		};
		30875AB62C6397F80024A03B /* Debug */ = {
			isa = XCBuildConfiguration;
			buildSettings = {
				ASSETCATALOG_COMPILER_APPICON_NAME = AppIcon;
				ASSETCATALOG_COMPILER_GLOBAL_ACCENT_COLOR_NAME = AccentColor;
				CODE_SIGN_STYLE = Automatic;
				CURRENT_PROJECT_VERSION = 1;
				DEVELOPMENT_TEAM = KKKHM636B4;
				GENERATE_INFOPLIST_FILE = YES;
				INFOPLIST_FILE = WhereToGoToday/Info.plist;
				INFOPLIST_KEY_UIApplicationSupportsIndirectInputEvents = YES;
				INFOPLIST_KEY_UILaunchStoryboardName = LaunchScreen;
				INFOPLIST_KEY_UIMainStoryboardFile = Main;
				INFOPLIST_KEY_UISupportedInterfaceOrientations = UIInterfaceOrientationPortrait;
				INFOPLIST_KEY_UISupportedInterfaceOrientations_iPad = "UIInterfaceOrientationLandscapeLeft UIInterfaceOrientationLandscapeRight UIInterfaceOrientationPortrait UIInterfaceOrientationPortraitUpsideDown";
				LD_RUNPATH_SEARCH_PATHS = (
					"$(inherited)",
					"@executable_path/Frameworks",
				);
				MARKETING_VERSION = 1.0;
				PRODUCT_BUNDLE_IDENTIFIER = twm.WhereToGoToday;
				PRODUCT_NAME = "$(TARGET_NAME)";
				SWIFT_EMIT_LOC_STRINGS = YES;
				SWIFT_VERSION = 5.0;
				TARGETED_DEVICE_FAMILY = "1,2";
			};
			name = Debug;
		};
		30875AB72C6397F80024A03B /* Release */ = {
			isa = XCBuildConfiguration;
			buildSettings = {
				ASSETCATALOG_COMPILER_APPICON_NAME = AppIcon;
				ASSETCATALOG_COMPILER_GLOBAL_ACCENT_COLOR_NAME = AccentColor;
				CODE_SIGN_STYLE = Automatic;
				CURRENT_PROJECT_VERSION = 1;
				DEVELOPMENT_TEAM = KKKHM636B4;
				GENERATE_INFOPLIST_FILE = YES;
				INFOPLIST_FILE = WhereToGoToday/Info.plist;
				INFOPLIST_KEY_UIApplicationSupportsIndirectInputEvents = YES;
				INFOPLIST_KEY_UILaunchStoryboardName = LaunchScreen;
				INFOPLIST_KEY_UIMainStoryboardFile = Main;
				INFOPLIST_KEY_UISupportedInterfaceOrientations = UIInterfaceOrientationPortrait;
				INFOPLIST_KEY_UISupportedInterfaceOrientations_iPad = "UIInterfaceOrientationLandscapeLeft UIInterfaceOrientationLandscapeRight UIInterfaceOrientationPortrait UIInterfaceOrientationPortraitUpsideDown";
				LD_RUNPATH_SEARCH_PATHS = (
					"$(inherited)",
					"@executable_path/Frameworks",
				);
				MARKETING_VERSION = 1.0;
				PRODUCT_BUNDLE_IDENTIFIER = twm.WhereToGoToday;
				PRODUCT_NAME = "$(TARGET_NAME)";
				SWIFT_EMIT_LOC_STRINGS = YES;
				SWIFT_VERSION = 5.0;
				TARGETED_DEVICE_FAMILY = "1,2";
			};
			name = Release;
		};
		30875AB92C6397F80024A03B /* Debug */ = {
			isa = XCBuildConfiguration;
			buildSettings = {
				ALWAYS_EMBED_SWIFT_STANDARD_LIBRARIES = YES;
				BUNDLE_LOADER = "$(TEST_HOST)";
				CODE_SIGN_STYLE = Automatic;
				CURRENT_PROJECT_VERSION = 1;
				DEVELOPMENT_TEAM = KKKHM636B4;
				GENERATE_INFOPLIST_FILE = YES;
				IPHONEOS_DEPLOYMENT_TARGET = 17.2;
				MARKETING_VERSION = 1.0;
				PRODUCT_BUNDLE_IDENTIFIER = twm.WhereToGoTodayTests;
				PRODUCT_NAME = "$(TARGET_NAME)";
				SWIFT_EMIT_LOC_STRINGS = NO;
				SWIFT_VERSION = 5.0;
				TARGETED_DEVICE_FAMILY = "1,2";
				TEST_HOST = "$(BUILT_PRODUCTS_DIR)/WhereToGoToday.app/$(BUNDLE_EXECUTABLE_FOLDER_PATH)/WhereToGoToday";
			};
			name = Debug;
		};
		30875ABA2C6397F80024A03B /* Release */ = {
			isa = XCBuildConfiguration;
			buildSettings = {
				ALWAYS_EMBED_SWIFT_STANDARD_LIBRARIES = YES;
				BUNDLE_LOADER = "$(TEST_HOST)";
				CODE_SIGN_STYLE = Automatic;
				CURRENT_PROJECT_VERSION = 1;
				DEVELOPMENT_TEAM = KKKHM636B4;
				GENERATE_INFOPLIST_FILE = YES;
				IPHONEOS_DEPLOYMENT_TARGET = 17.2;
				MARKETING_VERSION = 1.0;
				PRODUCT_BUNDLE_IDENTIFIER = twm.WhereToGoTodayTests;
				PRODUCT_NAME = "$(TARGET_NAME)";
				SWIFT_EMIT_LOC_STRINGS = NO;
				SWIFT_VERSION = 5.0;
				TARGETED_DEVICE_FAMILY = "1,2";
				TEST_HOST = "$(BUILT_PRODUCTS_DIR)/WhereToGoToday.app/$(BUNDLE_EXECUTABLE_FOLDER_PATH)/WhereToGoToday";
			};
			name = Release;
		};
		30875ABC2C6397F80024A03B /* Debug */ = {
			isa = XCBuildConfiguration;
			buildSettings = {
				ALWAYS_EMBED_SWIFT_STANDARD_LIBRARIES = YES;
				CODE_SIGN_STYLE = Automatic;
				CURRENT_PROJECT_VERSION = 1;
				DEVELOPMENT_TEAM = KKKHM636B4;
				GENERATE_INFOPLIST_FILE = YES;
				MARKETING_VERSION = 1.0;
				PRODUCT_BUNDLE_IDENTIFIER = twm.WhereToGoTodayUITests;
				PRODUCT_NAME = "$(TARGET_NAME)";
				SWIFT_EMIT_LOC_STRINGS = NO;
				SWIFT_VERSION = 5.0;
				TARGETED_DEVICE_FAMILY = "1,2";
				TEST_TARGET_NAME = WhereToGoToday;
			};
			name = Debug;
		};
		30875ABD2C6397F80024A03B /* Release */ = {
			isa = XCBuildConfiguration;
			buildSettings = {
				ALWAYS_EMBED_SWIFT_STANDARD_LIBRARIES = YES;
				CODE_SIGN_STYLE = Automatic;
				CURRENT_PROJECT_VERSION = 1;
				DEVELOPMENT_TEAM = KKKHM636B4;
				GENERATE_INFOPLIST_FILE = YES;
				MARKETING_VERSION = 1.0;
				PRODUCT_BUNDLE_IDENTIFIER = twm.WhereToGoTodayUITests;
				PRODUCT_NAME = "$(TARGET_NAME)";
				SWIFT_EMIT_LOC_STRINGS = NO;
				SWIFT_VERSION = 5.0;
				TARGETED_DEVICE_FAMILY = "1,2";
				TEST_TARGET_NAME = WhereToGoToday;
			};
			name = Release;
		};
/* End XCBuildConfiguration section */

/* Begin XCConfigurationList section */
		30875A862C6397F20024A03B /* Build configuration list for PBXProject "WhereToGoToday" */ = {
			isa = XCConfigurationList;
			buildConfigurations = (
				30875AB32C6397F80024A03B /* Debug */,
				30875AB42C6397F80024A03B /* Release */,
			);
			defaultConfigurationIsVisible = 0;
			defaultConfigurationName = Release;
		};
		30875AB52C6397F80024A03B /* Build configuration list for PBXNativeTarget "WhereToGoToday" */ = {
			isa = XCConfigurationList;
			buildConfigurations = (
				30875AB62C6397F80024A03B /* Debug */,
				30875AB72C6397F80024A03B /* Release */,
			);
			defaultConfigurationIsVisible = 0;
			defaultConfigurationName = Release;
		};
		30875AB82C6397F80024A03B /* Build configuration list for PBXNativeTarget "WhereToGoTodayTests" */ = {
			isa = XCConfigurationList;
			buildConfigurations = (
				30875AB92C6397F80024A03B /* Debug */,
				30875ABA2C6397F80024A03B /* Release */,
			);
			defaultConfigurationIsVisible = 0;
			defaultConfigurationName = Release;
		};
		30875ABB2C6397F80024A03B /* Build configuration list for PBXNativeTarget "WhereToGoTodayUITests" */ = {
			isa = XCConfigurationList;
			buildConfigurations = (
				30875ABC2C6397F80024A03B /* Debug */,
				30875ABD2C6397F80024A03B /* Release */,
			);
			defaultConfigurationIsVisible = 0;
			defaultConfigurationName = Release;
		};
/* End XCConfigurationList section */

/* Begin XCRemoteSwiftPackageReference section */
		308B5F1E2C9AC57B0012214E /* XCRemoteSwiftPackageReference "IQKeyboardManager" */ = {
			isa = XCRemoteSwiftPackageReference;
			repositoryURL = "https://github.com/hackiftekhar/IQKeyboardManager";
			requirement = {
				kind = upToNextMajorVersion;
				minimumVersion = 7.1.1;
			};
		};
/* End XCRemoteSwiftPackageReference section */

/* Begin XCSwiftPackageProductDependency section */
		308B5F1F2C9AC57B0012214E /* IQKeyboardManagerSwift */ = {
			isa = XCSwiftPackageProductDependency;
			package = 308B5F1E2C9AC57B0012214E /* XCRemoteSwiftPackageReference "IQKeyboardManager" */;
			productName = IQKeyboardManagerSwift;
		};
/* End XCSwiftPackageProductDependency section */

/* Begin XCVersionGroup section */
		30CEDD9E2CC5553600EFEA92 /* DataModel.xcdatamodeld */ = {
			isa = XCVersionGroup;
			children = (
				30CEDD9F2CC5553600EFEA92 /* DataModel.xcdatamodel */,
			);
			currentVersion = 30CEDD9F2CC5553600EFEA92 /* DataModel.xcdatamodel */;
			path = DataModel.xcdatamodeld;
			sourceTree = "<group>";
			versionGroupType = wrapper.xcdatamodel;
		};
/* End XCVersionGroup section */
	};
	rootObject = 30875A832C6397F20024A03B /* Project object */;
}
